
Microsoft Visual Studio Solution File, Format Version 12.00
# Visual Studio Version 16
VisualStudioVersion = 16.0.31702.278
MinimumVisualStudioVersion = 10.0.40219.1
Project("{FAE04EC0-301F-11D3-BF4B-00C04F79EFBC}") = "LuckyNumber", "LuckyNumber.csproj", "{B2C51DB7-C6B3-4542-9FA9-8B15B8EBCEB7}"
EndProject
Global
	GlobalSection(SolutionConfigurationPlatforms) = preSolution
		Debug|Any CPU = Debug|Any CPU
		Release|Any CPU = Release|Any CPU
	EndGlobalSection
	GlobalSection(ProjectConfigurationPlatforms) = postSolution
		{B2C51DB7-C6B3-4542-9FA9-8B15B8EBCEB7}.Debug|Any CPU.ActiveCfg = Debug|Any CPU
		{B2C51DB7-C6B3-4542-9FA9-8B15B8EBCEB7}.Debug|Any CPU.Build.0 = Debug|Any CPU
		{B2C51DB7-C6B3-4542-9FA9-8B15B8EBCEB7}.Debug|Any CPU.Deploy.0 = Debug|Any CPU
		{B2C51DB7-C6B3-4542-9FA9-8B15B8EBCEB7}.Release|Any CPU.ActiveCfg = Release|Any CPU
		{B2C51DB7-C6B3-4542-9FA9-8B15B8EBCEB7}.Release|Any CPU.Build.0 = Release|Any CPU
		{B2C51DB7-C6B3-4542-9FA9-8B15B8EBCEB7}.Release|Any CPU.Deploy.0 = Release|Any CPU
	EndGlobalSection
	GlobalSection(SolutionProperties) = preSolution
		HideSolutionNode = FALSE
	EndGlobalSection
	GlobalSection(ExtensibilityGlobals) = postSolution
		SolutionGuid = {D860C5FA-55FB-47E8-A6A4-DC6FE44E3AF2}
	EndGlobalSection
EndGlobal
